
Microsoft Visual Studio Solution File, Format Version 12.00
# Visual Studio Version 17
VisualStudioVersion = 17.11.35327.3
MinimumVisualStudioVersion = 10.0.40219.1
Project("{9A19103F-16F7-4668-BE54-9A1E7A4F7556}") = "ReportHopDong_Vaccine", "ReportHopDong_Vaccine.csproj", "{1426AC4E-6D07-4DA0-BED0-CDDC4F3222CB}"
EndProject
Global
	GlobalSection(SolutionConfigurationPlatforms) = preSolution
		Debug|Any CPU = Debug|Any CPU
		Release|Any CPU = Release|Any CPU
	EndGlobalSection
	GlobalSection(ProjectConfigurationPlatforms) = postSolution
		{1426AC4E-6D07-4DA0-BED0-CDDC4F3222CB}.Debug|Any CPU.ActiveCfg = Debug|Any CPU
		{1426AC4E-6D07-4DA0-BED0-CDDC4F3222CB}.Debug|Any CPU.Build.0 = Debug|Any CPU
		{1426AC4E-6D07-4DA0-BED0-CDDC4F3222CB}.Release|Any CPU.ActiveCfg = Release|Any CPU
		{1426AC4E-6D07-4DA0-BED0-CDDC4F3222CB}.Release|Any CPU.Build.0 = Release|Any CPU
	EndGlobalSection
	GlobalSection(SolutionProperties) = preSolution
		HideSolutionNode = FALSE
	EndGlobalSection
	GlobalSection(ExtensibilityGlobals) = postSolution
		SolutionGuid = {F3656932-8761-45CA-8D7C-FB3CE498D806}
	EndGlobalSection
EndGlobal
